
Microsoft Visual Studio Solution File, Format Version 12.00
# Visual Studio Version 17
VisualStudioVersion = 17.14.36401.2 d17.14
MinimumVisualStudioVersion = 10.0.40219.1
Project("{FAE04EC0-301F-11D3-BF4B-00C04F79EFBC}") = "koordinataRendszer", "koordinataRendszer\koordinataRendszer.csproj", "{D2514887-9A60-458C-95F8-26F9910A94BD}"
EndProject
Global
	GlobalSection(SolutionConfigurationPlatforms) = preSolution
		Debug|Any CPU = Debug|Any CPU
		Release|Any CPU = Release|Any CPU
	EndGlobalSection
	GlobalSection(ProjectConfigurationPlatforms) = postSolution
		{D2514887-9A60-458C-95F8-26F9910A94BD}.Debug|Any CPU.ActiveCfg = Debug|Any CPU
		{D2514887-9A60-458C-95F8-26F9910A94BD}.Debug|Any CPU.Build.0 = Debug|Any CPU
		{D2514887-9A60-458C-95F8-26F9910A94BD}.Release|Any CPU.ActiveCfg = Release|Any CPU
		{D2514887-9A60-458C-95F8-26F9910A94BD}.Release|Any CPU.Build.0 = Release|Any CPU
	EndGlobalSection
	GlobalSection(SolutionProperties) = preSolution
		HideSolutionNode = FALSE
	EndGlobalSection
	GlobalSection(ExtensibilityGlobals) = postSolution
		SolutionGuid = {FB9EC0E8-B534-4E16-A5C6-F4A56E16DA7E}
	EndGlobalSection
EndGlobal
