
Microsoft Visual Studio Solution File, Format Version 12.00
# Visual Studio Version 17
VisualStudioVersion = 17.14.36401.2 d17.14
MinimumVisualStudioVersion = 10.0.40219.1
Project("{FAE04EC0-301F-11D3-BF4B-00C04F79EFBC}") = "romeojuli", "romeojuli\romeojuli.csproj", "{A7479132-88C3-4184-91BE-C74841D2DBF1}"
EndProject
Global
	GlobalSection(SolutionConfigurationPlatforms) = preSolution
		Debug|Any CPU = Debug|Any CPU
		Release|Any CPU = Release|Any CPU
	EndGlobalSection
	GlobalSection(ProjectConfigurationPlatforms) = postSolution
		{A7479132-88C3-4184-91BE-C74841D2DBF1}.Debug|Any CPU.ActiveCfg = Debug|Any CPU
		{A7479132-88C3-4184-91BE-C74841D2DBF1}.Debug|Any CPU.Build.0 = Debug|Any CPU
		{A7479132-88C3-4184-91BE-C74841D2DBF1}.Release|Any CPU.ActiveCfg = Release|Any CPU
		{A7479132-88C3-4184-91BE-C74841D2DBF1}.Release|Any CPU.Build.0 = Release|Any CPU
	EndGlobalSection
	GlobalSection(SolutionProperties) = preSolution
		HideSolutionNode = FALSE
	EndGlobalSection
	GlobalSection(ExtensibilityGlobals) = postSolution
		SolutionGuid = {4F514EF5-BCB6-410B-AA4B-E866FF1AE8FA}
	EndGlobalSection
EndGlobal
