
Microsoft Visual Studio Solution File, Format Version 12.00
# Visual Studio Version 17
VisualStudioVersion = 17.14.36401.2 d17.14
MinimumVisualStudioVersion = 10.0.40219.1
Project("{FAE04EC0-301F-11D3-BF4B-00C04F79EFBC}") = "fajlbaIrasRandommal", "fajlbaIrasRandommal\fajlbaIrasRandommal.csproj", "{95F2CFEB-F261-4300-9024-59E729DE962A}"
EndProject
Global
	GlobalSection(SolutionConfigurationPlatforms) = preSolution
		Debug|Any CPU = Debug|Any CPU
		Release|Any CPU = Release|Any CPU
	EndGlobalSection
	GlobalSection(ProjectConfigurationPlatforms) = postSolution
		{95F2CFEB-F261-4300-9024-59E729DE962A}.Debug|Any CPU.ActiveCfg = Debug|Any CPU
		{95F2CFEB-F261-4300-9024-59E729DE962A}.Debug|Any CPU.Build.0 = Debug|Any CPU
		{95F2CFEB-F261-4300-9024-59E729DE962A}.Release|Any CPU.ActiveCfg = Release|Any CPU
		{95F2CFEB-F261-4300-9024-59E729DE962A}.Release|Any CPU.Build.0 = Release|Any CPU
	EndGlobalSection
	GlobalSection(SolutionProperties) = preSolution
		HideSolutionNode = FALSE
	EndGlobalSection
	GlobalSection(ExtensibilityGlobals) = postSolution
		SolutionGuid = {ADF02C8D-B466-4DE3-845A-C3C5A1D0C23A}
	EndGlobalSection
EndGlobal
