
Microsoft Visual Studio Solution File, Format Version 12.00
# Visual Studio Version 17
VisualStudioVersion = 17.10.35013.160
MinimumVisualStudioVersion = 10.0.40219.1
Project("{FAE04EC0-301F-11D3-BF4B-00C04F79EFBC}") = "konyvek", "konyvek.csproj", "{ECFD8340-444C-4EF2-BE6A-E614894F4B63}"
EndProject
Global
	GlobalSection(SolutionConfigurationPlatforms) = preSolution
		Debug|Any CPU = Debug|Any CPU
		Release|Any CPU = Release|Any CPU
	EndGlobalSection
	GlobalSection(ProjectConfigurationPlatforms) = postSolution
		{ECFD8340-444C-4EF2-BE6A-E614894F4B63}.Debug|Any CPU.ActiveCfg = Debug|Any CPU
		{ECFD8340-444C-4EF2-BE6A-E614894F4B63}.Debug|Any CPU.Build.0 = Debug|Any CPU
		{ECFD8340-444C-4EF2-BE6A-E614894F4B63}.Release|Any CPU.ActiveCfg = Release|Any CPU
		{ECFD8340-444C-4EF2-BE6A-E614894F4B63}.Release|Any CPU.Build.0 = Release|Any CPU
	EndGlobalSection
	GlobalSection(SolutionProperties) = preSolution
		HideSolutionNode = FALSE
	EndGlobalSection
	GlobalSection(ExtensibilityGlobals) = postSolution
		SolutionGuid = {B5697FCF-3B65-46DF-88E0-A2849EC9CFAC}
	EndGlobalSection
EndGlobal
