
Microsoft Visual Studio Solution File, Format Version 12.00
# Visual Studio Version 17
VisualStudioVersion = 17.14.36401.2 d17.14
MinimumVisualStudioVersion = 10.0.40219.1
Project("{FAE04EC0-301F-11D3-BF4B-00C04F79EFBC}") = "godor", "godor.csproj", "{6B830604-2354-43C6-A863-6E6EEB178E6A}"
EndProject
Global
	GlobalSection(SolutionConfigurationPlatforms) = preSolution
		Debug|Any CPU = Debug|Any CPU
		Release|Any CPU = Release|Any CPU
	EndGlobalSection
	GlobalSection(ProjectConfigurationPlatforms) = postSolution
		{6B830604-2354-43C6-A863-6E6EEB178E6A}.Debug|Any CPU.ActiveCfg = Debug|Any CPU
		{6B830604-2354-43C6-A863-6E6EEB178E6A}.Debug|Any CPU.Build.0 = Debug|Any CPU
		{6B830604-2354-43C6-A863-6E6EEB178E6A}.Release|Any CPU.ActiveCfg = Release|Any CPU
		{6B830604-2354-43C6-A863-6E6EEB178E6A}.Release|Any CPU.Build.0 = Release|Any CPU
	EndGlobalSection
	GlobalSection(SolutionProperties) = preSolution
		HideSolutionNode = FALSE
	EndGlobalSection
	GlobalSection(ExtensibilityGlobals) = postSolution
		SolutionGuid = {E69B5BF2-7960-4721-880E-8458C7854729}
	EndGlobalSection
EndGlobal
