
Microsoft Visual Studio Solution File, Format Version 12.00
# Visual Studio Version 17
VisualStudioVersion = 17.14.36429.23 d17.14
MinimumVisualStudioVersion = 10.0.40219.1
Project("{FAE04EC0-301F-11D3-BF4B-00C04F79EFBC}") = "egeszSzamok", "egeszSzamok.csproj", "{D9C74F3D-41F7-40B2-8050-3E2BE2009BE5}"
EndProject
Global
	GlobalSection(SolutionConfigurationPlatforms) = preSolution
		Debug|Any CPU = Debug|Any CPU
		Release|Any CPU = Release|Any CPU
	EndGlobalSection
	GlobalSection(ProjectConfigurationPlatforms) = postSolution
		{D9C74F3D-41F7-40B2-8050-3E2BE2009BE5}.Debug|Any CPU.ActiveCfg = Debug|Any CPU
		{D9C74F3D-41F7-40B2-8050-3E2BE2009BE5}.Debug|Any CPU.Build.0 = Debug|Any CPU
		{D9C74F3D-41F7-40B2-8050-3E2BE2009BE5}.Release|Any CPU.ActiveCfg = Release|Any CPU
		{D9C74F3D-41F7-40B2-8050-3E2BE2009BE5}.Release|Any CPU.Build.0 = Release|Any CPU
	EndGlobalSection
	GlobalSection(SolutionProperties) = preSolution
		HideSolutionNode = FALSE
	EndGlobalSection
	GlobalSection(ExtensibilityGlobals) = postSolution
		SolutionGuid = {726DDA59-1BDC-455F-B734-471D458DB7A9}
	EndGlobalSection
EndGlobal
